
Microsoft Visual Studio Solution File, Format Version 12.00
# Visual Studio Version 17
VisualStudioVersion = 17.8.34330.188
MinimumVisualStudioVersion = 10.0.40219.1
Project("{FAE04EC0-301F-11D3-BF4B-00C04F79EFBC}") = "Jcf.CursoApiRestFul.Api", "Jcf.CursoApiRestFul.Api\Jcf.CursoApiRestFul.Api.csproj", "{0A0B451C-895B-4822-B245-DD4434C19241}"
EndProject
Global
	GlobalSection(SolutionConfigurationPlatforms) = preSolution
		Debug|Any CPU = Debug|Any CPU
		Release|Any CPU = Release|Any CPU
	EndGlobalSection
	GlobalSection(ProjectConfigurationPlatforms) = postSolution
		{0A0B451C-895B-4822-B245-DD4434C19241}.Debug|Any CPU.ActiveCfg = Debug|Any CPU
		{0A0B451C-895B-4822-B245-DD4434C19241}.Debug|Any CPU.Build.0 = Debug|Any CPU
		{0A0B451C-895B-4822-B245-DD4434C19241}.Release|Any CPU.ActiveCfg = Release|Any CPU
		{0A0B451C-895B-4822-B245-DD4434C19241}.Release|Any CPU.Build.0 = Release|Any CPU
	EndGlobalSection
	GlobalSection(SolutionProperties) = preSolution
		HideSolutionNode = FALSE
	EndGlobalSection
	GlobalSection(ExtensibilityGlobals) = postSolution
		SolutionGuid = {10F1AD98-74E3-4C32-B057-181589ADDF89}
	EndGlobalSection
EndGlobal
